
Microsoft Visual Studio Solution File, Format Version 12.00
# Visual Studio Version 16
VisualStudioVersion = 16.0.31402.337
MinimumVisualStudioVersion = 10.0.40219.1
Project("{8BC9CEB8-8B4A-11D0-8D11-00A0C91BC942}") = "SuperEDA_2_0", "SuperEDA_2_0\SuperEDA_2_0.vcxproj", "{18DE3E12-0501-4B6C-8DEA-EAC0F8046E47}"
EndProject
Global
	GlobalSection(SolutionConfigurationPlatforms) = preSolution
		Debug|x64 = Debug|x64
		Debug|x86 = Debug|x86
		Release|x64 = Release|x64
		Release|x86 = Release|x86
	EndGlobalSection
	GlobalSection(ProjectConfigurationPlatforms) = postSolution
		{18DE3E12-0501-4B6C-8DEA-EAC0F8046E47}.Debug|x64.ActiveCfg = Debug|x64
		{18DE3E12-0501-4B6C-8DEA-EAC0F8046E47}.Debug|x64.Build.0 = Debug|x64
		{18DE3E12-0501-4B6C-8DEA-EAC0F8046E47}.Debug|x86.ActiveCfg = Debug|Win32
		{18DE3E12-0501-4B6C-8DEA-EAC0F8046E47}.Debug|x86.Build.0 = Debug|Win32
		{18DE3E12-0501-4B6C-8DEA-EAC0F8046E47}.Release|x64.ActiveCfg = Release|x64
		{18DE3E12-0501-4B6C-8DEA-EAC0F8046E47}.Release|x64.Build.0 = Release|x64
		{18DE3E12-0501-4B6C-8DEA-EAC0F8046E47}.Release|x86.ActiveCfg = Release|Win32
		{18DE3E12-0501-4B6C-8DEA-EAC0F8046E47}.Release|x86.Build.0 = Release|Win32
	EndGlobalSection
	GlobalSection(SolutionProperties) = preSolution
		HideSolutionNode = FALSE
	EndGlobalSection
	GlobalSection(ExtensibilityGlobals) = postSolution
		SolutionGuid = {4FA6BED6-3245-4469-A16F-37CC73EF1158}
	EndGlobalSection
EndGlobal
